
Microsoft Visual Studio Solution File, Format Version 12.00
# Visual Studio Version 17
VisualStudioVersion = 17.13.35818.85
MinimumVisualStudioVersion = 10.0.40219.1
Project("{FAE04EC0-301F-11D3-BF4B-00C04F79EFBC}") = "Demo-FDV", "Demo-FDV\Demo-FDV.csproj", "{3B3CA967-CA9B-4F64-B390-2A101A30D47C}"
EndProject
Project("{FAE04EC0-301F-11D3-BF4B-00C04F79EFBC}") = "TestFDV", "TestFDV\TestFDV.csproj", "{2470D5E2-3C95-4B5C-BE83-258C3BD9F51B}"
EndProject
Global
	GlobalSection(SolutionConfigurationPlatforms) = preSolution
		Debug|Any CPU = Debug|Any CPU
		Release|Any CPU = Release|Any CPU
	EndGlobalSection
	GlobalSection(ProjectConfigurationPlatforms) = postSolution
		{3B3CA967-CA9B-4F64-B390-2A101A30D47C}.Debug|Any CPU.ActiveCfg = Debug|Any CPU
		{3B3CA967-CA9B-4F64-B390-2A101A30D47C}.Debug|Any CPU.Build.0 = Debug|Any CPU
		{3B3CA967-CA9B-4F64-B390-2A101A30D47C}.Release|Any CPU.ActiveCfg = Release|Any CPU
		{3B3CA967-CA9B-4F64-B390-2A101A30D47C}.Release|Any CPU.Build.0 = Release|Any CPU
		{2470D5E2-3C95-4B5C-BE83-258C3BD9F51B}.Debug|Any CPU.ActiveCfg = Debug|Any CPU
		{2470D5E2-3C95-4B5C-BE83-258C3BD9F51B}.Debug|Any CPU.Build.0 = Debug|Any CPU
		{2470D5E2-3C95-4B5C-BE83-258C3BD9F51B}.Release|Any CPU.ActiveCfg = Release|Any CPU
		{2470D5E2-3C95-4B5C-BE83-258C3BD9F51B}.Release|Any CPU.Build.0 = Release|Any CPU
	EndGlobalSection
	GlobalSection(SolutionProperties) = preSolution
		HideSolutionNode = FALSE
	EndGlobalSection
	GlobalSection(ExtensibilityGlobals) = postSolution
		SolutionGuid = {333B941A-E844-406D-9997-05DDC16FA98F}
	EndGlobalSection
EndGlobal
